
Microsoft Visual Studio Solution File, Format Version 12.00
# Visual Studio 15
VisualStudioVersion = 15.0.27130.0
MinimumVisualStudioVersion = 10.0.40219.1
Project("{FAE04EC0-301F-11D3-BF4B-00C04F79EFBC}") = "Proje", "Proje\Proje.csproj", "{68A806ED-21B2-4DD0-B8F5-6D010F6A36FD}"
EndProject
Project("{FAE04EC0-301F-11D3-BF4B-00C04F79EFBC}") = "UnitTest", "UnitTest\UnitTest.csproj", "{F2AE81C7-9FAD-4774-B3DB-1810D5579A17}"
EndProject
Global
	GlobalSection(SolutionConfigurationPlatforms) = preSolution
		Debug|Any CPU = Debug|Any CPU
		Release|Any CPU = Release|Any CPU
	EndGlobalSection
	GlobalSection(ProjectConfigurationPlatforms) = postSolution
		{68A806ED-21B2-4DD0-B8F5-6D010F6A36FD}.Debug|Any CPU.ActiveCfg = Debug|Any CPU
		{68A806ED-21B2-4DD0-B8F5-6D010F6A36FD}.Debug|Any CPU.Build.0 = Debug|Any CPU
		{68A806ED-21B2-4DD0-B8F5-6D010F6A36FD}.Release|Any CPU.ActiveCfg = Release|Any CPU
		{68A806ED-21B2-4DD0-B8F5-6D010F6A36FD}.Release|Any CPU.Build.0 = Release|Any CPU
		{F2AE81C7-9FAD-4774-B3DB-1810D5579A17}.Debug|Any CPU.ActiveCfg = Debug|Any CPU
		{F2AE81C7-9FAD-4774-B3DB-1810D5579A17}.Debug|Any CPU.Build.0 = Debug|Any CPU
		{F2AE81C7-9FAD-4774-B3DB-1810D5579A17}.Release|Any CPU.ActiveCfg = Release|Any CPU
		{F2AE81C7-9FAD-4774-B3DB-1810D5579A17}.Release|Any CPU.Build.0 = Release|Any CPU
	EndGlobalSection
	GlobalSection(SolutionProperties) = preSolution
		HideSolutionNode = FALSE
	EndGlobalSection
	GlobalSection(ExtensibilityGlobals) = postSolution
		SolutionGuid = {032F806F-B8A5-478A-A5A1-89EE099916A7}
	EndGlobalSection
EndGlobal
